
Microsoft Visual Studio Solution File, Format Version 12.00
# Visual Studio 2015
Project("{FAE04EC0-301F-11D3-BF4B-00C04F79EFBC}") = "BEES defense.CSharp.Plugins", "BEES defense.CSharp.Plugins.csproj", "{33600883-AD15-2869-F7D2-0C9EC221F039}"
EndProject
Project("{FAE04EC0-301F-11D3-BF4B-00C04F79EFBC}") = "BEES defense.CSharp", "BEES defense.CSharp.csproj", "{2AB2AE7E-48EB-82CF-5457-4045D18068E7}"
EndProject
Global
	GlobalSection(SolutionConfigurationPlatforms) = preSolution
		Debug|Any CPU = Debug|Any CPU
		Release|Any CPU = Release|Any CPU
	EndGlobalSection
	GlobalSection(ProjectConfigurationPlatforms) = postSolution
		{33600883-AD15-2869-F7D2-0C9EC221F039}.Debug|Any CPU.ActiveCfg = Debug|Any CPU
		{33600883-AD15-2869-F7D2-0C9EC221F039}.Debug|Any CPU.Build.0 = Debug|Any CPU
		{33600883-AD15-2869-F7D2-0C9EC221F039}.Release|Any CPU.ActiveCfg = Release|Any CPU
		{33600883-AD15-2869-F7D2-0C9EC221F039}.Release|Any CPU.Build.0 = Release|Any CPU
		{2AB2AE7E-48EB-82CF-5457-4045D18068E7}.Debug|Any CPU.ActiveCfg = Debug|Any CPU
		{2AB2AE7E-48EB-82CF-5457-4045D18068E7}.Debug|Any CPU.Build.0 = Debug|Any CPU
		{2AB2AE7E-48EB-82CF-5457-4045D18068E7}.Release|Any CPU.ActiveCfg = Release|Any CPU
		{2AB2AE7E-48EB-82CF-5457-4045D18068E7}.Release|Any CPU.Build.0 = Release|Any CPU
	EndGlobalSection
	GlobalSection(SolutionProperties) = preSolution
		HideSolutionNode = FALSE
	EndGlobalSection
EndGlobal
